Microsoft Visual Studio Solution File, Format Version 12.00
# Visual Studio 15
VisualStudioVersion = 15.0.27703.2026
MinimumVisualStudioVersion = 10.0.40219.1
Project("{FAE04EC0-301F-11D3-BF4B-00C04F79EFBC}") = "NSwagGenerator", "NSwagGenerator\NSwagGenerator.csproj", "{BC0EC2DA-A3C8-4F95-9C03-5B6D8FFCCA73}"
EndProject
Project("{D954291E-2A0B-460D-934E-DC6B0785DB48}") = "Matchmore.SDK.Shared", "Matchmore.SDK.Shared\Matchmore.SDK.Shared.shproj", "{6C0240FB-EED6-4048-B2C3-038532EB2F36}"
EndProject
Project("{FAE04EC0-301F-11D3-BF4B-00C04F79EFBC}") = "Matchmore.SDK.Android", "Matchmore.SDK.Android\Matchmore.SDK.Android.csproj", "{7B437765-F453-4382-9124-BD820D38B2E1}"
EndProject
Project("{FAE04EC0-301F-11D3-BF4B-00C04F79EFBC}") = "Matchmore.SDK.iOS", "Matchmore.SDK.iOS\Matchmore.SDK.iOS.csproj", "{BEBA88A3-BC31-4A94-9896-FC2EFE5EB709}"
EndProject
Project("{FF286327-C783-4F7A-AB73-9BCBAD0D4460}") = "Matchmore.SDK.NuGet", "Matchmore.SDK.NuGet\Matchmore.SDK.NuGet.nuproj", "{E810279C-1B58-467C-AEF9-001CF9B72484}"
EndProject
Project("{2150E333-8FDC-42A3-9474-1A3956D46DE8}") = "Tests", "Tests", "{A852FE01-61FD-447C-A22A-152D643B1787}"
EndProject
Project("{FAE04EC0-301F-11D3-BF4B-00C04F79EFBC}") = "Matchmore.SDK.Androind.Tests", "Matchmore.SDK.Androind.Tests\Matchmore.SDK.Androind.Tests.csproj", "{428B6BC8-7FBF-42FD-BE4F-0838FF9B821F}"
EndProject
Project("{D954291E-2A0B-460D-934E-DC6B0785DB48}") = "Matchmore.SDK.Shared.Tests", "Matchmore.SDK.Shared.Tests\Matchmore.SDK.Shared.Tests.shproj", "{EFE94C7E-2507-449D-BF80-C94B0947FA45}"
EndProject
Project("{FAE04EC0-301F-11D3-BF4B-00C04F79EFBC}") = "Matchmore.SDK.iOS.Tests", "Matchmore.SDK.iOS.Tests\Matchmore.SDK.iOS.Tests.csproj", "{C8526C68-0473-4DF0-9099-59409CCAFBF4}"
EndProject
Project("{D954291E-2A0B-460D-934E-DC6B0785DB48}") = "Matchmore.SDK.Xamarin.Shared", "Matchmore.SDK.Xamarin.Shared\Matchmore.SDK.Xamarin.Shared.shproj", "{8C498710-46A8-4FB0-BFD3-51AFF383CB41}"
EndProject
Project("{9A19103F-16F7-4668-BE54-9A1E7A4F7556}") = "Matchmore.SDK.NetStandard", "Matchmore.SDK.NetStandard\Matchmore.SDK.NetStandard.csproj", "{88E6B161-B03A-4403-B729-E7B5A7A0E499}"
EndProject
Project("{2150E333-8FDC-42A3-9474-1A3956D46DE8}") = "Examples", "Examples", "{72FF8B5F-41E7-4337-B4A8-49B13870D18F}"
EndProject
Project("{9A19103F-16F7-4668-BE54-9A1E7A4F7556}") = "ConsoleExample", "ConsoleExample\ConsoleExample.csproj", "{FD6B628B-424C-4C7E-8DC9-79A4B72D4BCE}"
EndProject
Project("{9A19103F-16F7-4668-BE54-9A1E7A4F7556}") = "Matchmore.SDK.NetStandard.Tests", "Matchmore.SDK.NetStandard.Tests\Matchmore.SDK.NetStandard.Tests.csproj", "{44BA3336-1888-4D43-BFF4-7AD336CC1760}"
EndProject
Global
	GlobalSection(SharedMSBuildProjectFiles) = preSolution
		Matchmore.SDK.Shared.Tests\Matchmore.SDK.Shared.Tests.projitems*{428b6bc8-7fbf-42fd-be4f-0838ff9b821f}*SharedItemsImports = 4
		Matchmore.SDK.Shared\Matchmore.SDK.Shared.projitems*{6c0240fb-eed6-4048-b2c3-038532eb2f36}*SharedItemsImports = 13
		Matchmore.SDK.Shared\Matchmore.SDK.Shared.projitems*{7b437765-f453-4382-9124-bd820d38b2e1}*SharedItemsImports = 4
		Matchmore.SDK.Xamarin.Shared\Matchmore.SDK.Xamarin.Shared.projitems*{7b437765-f453-4382-9124-bd820d38b2e1}*SharedItemsImports = 4
		Matchmore.SDK.Xamarin.Shared\Matchmore.SDK.Xamarin.Shared.projitems*{8c498710-46a8-4fb0-bfd3-51aff383cb41}*SharedItemsImports = 13
		Matchmore.SDK.Shared\Matchmore.SDK.Shared.projitems*{beba88a3-bc31-4a94-9896-fc2efe5eb709}*SharedItemsImports = 4
		Matchmore.SDK.Xamarin.Shared\Matchmore.SDK.Xamarin.Shared.projitems*{beba88a3-bc31-4a94-9896-fc2efe5eb709}*SharedItemsImports = 4
		Matchmore.SDK.Shared.Tests\Matchmore.SDK.Shared.Tests.projitems*{c8526c68-0473-4df0-9099-59409ccafbf4}*SharedItemsImports = 4
		Matchmore.SDK.Shared.Tests\Matchmore.SDK.Shared.Tests.projitems*{efe94c7e-2507-449d-bf80-c94b0947fa45}*SharedItemsImports = 13
	EndGlobalSection
	GlobalSection(SolutionConfigurationPlatforms) = preSolution
		Debug|Any CPU = Debug|Any CPU
		Debug|iPhone = Debug|iPhone
		Debug|iPhoneSimulator = Debug|iPhoneSimulator
		Release|Any CPU = Release|Any CPU
		Release|iPhone = Release|iPhone
		Release|iPhoneSimulator = Release|iPhoneSimulator
	EndGlobalSection
	GlobalSection(ProjectConfigurationPlatforms) = postSolution
		{BC0EC2DA-A3C8-4F95-9C03-5B6D8FFCCA73}.Debug|Any CPU.ActiveCfg = Debug|Any CPU
		{BC0EC2DA-A3C8-4F95-9C03-5B6D8FFCCA73}.Debug|Any CPU.Build.0 = Debug|Any CPU
		{BC0EC2DA-A3C8-4F95-9C03-5B6D8FFCCA73}.Debug|iPhone.ActiveCfg = Debug|Any CPU
		{BC0EC2DA-A3C8-4F95-9C03-5B6D8FFCCA73}.Debug|iPhone.Build.0 = Debug|Any CPU
		{BC0EC2DA-A3C8-4F95-9C03-5B6D8FFCCA73}.Debug|iPhoneSimulator.ActiveCfg = Debug|Any CPU
		{BC0EC2DA-A3C8-4F95-9C03-5B6D8FFCCA73}.Debug|iPhoneSimulator.Build.0 = Debug|Any CPU
		{BC0EC2DA-A3C8-4F95-9C03-5B6D8FFCCA73}.Release|Any CPU.ActiveCfg = Release|Any CPU
		{BC0EC2DA-A3C8-4F95-9C03-5B6D8FFCCA73}.Release|Any CPU.Build.0 = Release|Any CPU
		{BC0EC2DA-A3C8-4F95-9C03-5B6D8FFCCA73}.Release|iPhone.ActiveCfg = Release|Any CPU
		{BC0EC2DA-A3C8-4F95-9C03-5B6D8FFCCA73}.Release|iPhone.Build.0 = Release|Any CPU
		{BC0EC2DA-A3C8-4F95-9C03-5B6D8FFCCA73}.Release|iPhoneSimulator.ActiveCfg = Release|Any CPU
		{BC0EC2DA-A3C8-4F95-9C03-5B6D8FFCCA73}.Release|iPhoneSimulator.Build.0 = Release|Any CPU
		{7B437765-F453-4382-9124-BD820D38B2E1}.Debug|Any CPU.ActiveCfg = Debug|Any CPU
		{7B437765-F453-4382-9124-BD820D38B2E1}.Debug|Any CPU.Build.0 = Debug|Any CPU
		{7B437765-F453-4382-9124-BD820D38B2E1}.Debug|iPhone.ActiveCfg = Debug|Any CPU
		{7B437765-F453-4382-9124-BD820D38B2E1}.Debug|iPhone.Build.0 = Debug|Any CPU
		{7B437765-F453-4382-9124-BD820D38B2E1}.Debug|iPhoneSimulator.ActiveCfg = Debug|Any CPU
		{7B437765-F453-4382-9124-BD820D38B2E1}.Debug|iPhoneSimulator.Build.0 = Debug|Any CPU
		{7B437765-F453-4382-9124-BD820D38B2E1}.Release|Any CPU.ActiveCfg = Release|Any CPU
		{7B437765-F453-4382-9124-BD820D38B2E1}.Release|Any CPU.Build.0 = Release|Any CPU
		{7B437765-F453-4382-9124-BD820D38B2E1}.Release|iPhone.ActiveCfg = Release|Any CPU
		{7B437765-F453-4382-9124-BD820D38B2E1}.Release|iPhone.Build.0 = Release|Any CPU
		{7B437765-F453-4382-9124-BD820D38B2E1}.Release|iPhoneSimulator.ActiveCfg = Release|Any CPU
		{7B437765-F453-4382-9124-BD820D38B2E1}.Release|iPhoneSimulator.Build.0 = Release|Any CPU
		{BEBA88A3-BC31-4A94-9896-FC2EFE5EB709}.Debug|Any CPU.ActiveCfg = Debug|Any CPU
		{BEBA88A3-BC31-4A94-9896-FC2EFE5EB709}.Debug|Any CPU.Build.0 = Debug|Any CPU
		{BEBA88A3-BC31-4A94-9896-FC2EFE5EB709}.Debug|iPhone.ActiveCfg = Debug|Any CPU
		{BEBA88A3-BC31-4A94-9896-FC2EFE5EB709}.Debug|iPhone.Build.0 = Debug|Any CPU
		{BEBA88A3-BC31-4A94-9896-FC2EFE5EB709}.Debug|iPhoneSimulator.ActiveCfg = Debug|Any CPU
		{BEBA88A3-BC31-4A94-9896-FC2EFE5EB709}.Debug|iPhoneSimulator.Build.0 = Debug|Any CPU
		{BEBA88A3-BC31-4A94-9896-FC2EFE5EB709}.Release|Any CPU.ActiveCfg = Release|Any CPU
		{BEBA88A3-BC31-4A94-9896-FC2EFE5EB709}.Release|Any CPU.Build.0 = Release|Any CPU
		{BEBA88A3-BC31-4A94-9896-FC2EFE5EB709}.Release|iPhone.ActiveCfg = Release|Any CPU
		{BEBA88A3-BC31-4A94-9896-FC2EFE5EB709}.Release|iPhone.Build.0 = Release|Any CPU
		{BEBA88A3-BC31-4A94-9896-FC2EFE5EB709}.Release|iPhoneSimulator.ActiveCfg = Release|Any CPU
		{BEBA88A3-BC31-4A94-9896-FC2EFE5EB709}.Release|iPhoneSimulator.Build.0 = Release|Any CPU
		{E810279C-1B58-467C-AEF9-001CF9B72484}.Debug|Any CPU.ActiveCfg = Debug|Any CPU
		{E810279C-1B58-467C-AEF9-001CF9B72484}.Debug|Any CPU.Build.0 = Debug|Any CPU
		{E810279C-1B58-467C-AEF9-001CF9B72484}.Debug|iPhone.ActiveCfg = Debug|Any CPU
		{E810279C-1B58-467C-AEF9-001CF9B72484}.Debug|iPhone.Build.0 = Debug|Any CPU
		{E810279C-1B58-467C-AEF9-001CF9B72484}.Debug|iPhoneSimulator.ActiveCfg = Debug|Any CPU
		{E810279C-1B58-467C-AEF9-001CF9B72484}.Debug|iPhoneSimulator.Build.0 = Debug|Any CPU
		{E810279C-1B58-467C-AEF9-001CF9B72484}.Release|Any CPU.ActiveCfg = Release|Any CPU
		{E810279C-1B58-467C-AEF9-001CF9B72484}.Release|Any CPU.Build.0 = Release|Any CPU
		{E810279C-1B58-467C-AEF9-001CF9B72484}.Release|iPhone.ActiveCfg = Release|Any CPU
		{E810279C-1B58-467C-AEF9-001CF9B72484}.Release|iPhone.Build.0 = Release|Any CPU
		{E810279C-1B58-467C-AEF9-001CF9B72484}.Release|iPhoneSimulator.ActiveCfg = Release|Any CPU
		{E810279C-1B58-467C-AEF9-001CF9B72484}.Release|iPhoneSimulator.Build.0 = Release|Any CPU
		{428B6BC8-7FBF-42FD-BE4F-0838FF9B821F}.Debug|Any CPU.ActiveCfg = Debug|Any CPU
		{428B6BC8-7FBF-42FD-BE4F-0838FF9B821F}.Debug|Any CPU.Build.0 = Debug|Any CPU
		{428B6BC8-7FBF-42FD-BE4F-0838FF9B821F}.Debug|iPhone.ActiveCfg = Debug|Any CPU
		{428B6BC8-7FBF-42FD-BE4F-0838FF9B821F}.Debug|iPhone.Build.0 = Debug|Any CPU
		{428B6BC8-7FBF-42FD-BE4F-0838FF9B821F}.Debug|iPhoneSimulator.ActiveCfg = Debug|Any CPU
		{428B6BC8-7FBF-42FD-BE4F-0838FF9B821F}.Debug|iPhoneSimulator.Build.0 = Debug|Any CPU
		{428B6BC8-7FBF-42FD-BE4F-0838FF9B821F}.Release|Any CPU.ActiveCfg = Release|Any CPU
		{428B6BC8-7FBF-42FD-BE4F-0838FF9B821F}.Release|Any CPU.Build.0 = Release|Any CPU
		{428B6BC8-7FBF-42FD-BE4F-0838FF9B821F}.Release|iPhone.ActiveCfg = Release|Any CPU
		{428B6BC8-7FBF-42FD-BE4F-0838FF9B821F}.Release|iPhone.Build.0 = Release|Any CPU
		{428B6BC8-7FBF-42FD-BE4F-0838FF9B821F}.Release|iPhoneSimulator.ActiveCfg = Release|Any CPU
		{428B6BC8-7FBF-42FD-BE4F-0838FF9B821F}.Release|iPhoneSimulator.Build.0 = Release|Any CPU
		{C8526C68-0473-4DF0-9099-59409CCAFBF4}.Debug|Any CPU.ActiveCfg = Debug|iPhoneSimulator
		{C8526C68-0473-4DF0-9099-59409CCAFBF4}.Debug|Any CPU.Build.0 = Debug|iPhoneSimulator
		{C8526C68-0473-4DF0-9099-59409CCAFBF4}.Debug|iPhone.ActiveCfg = Debug|iPhone
		{C8526C68-0473-4DF0-9099-59409CCAFBF4}.Debug|iPhone.Build.0 = Debug|iPhone
		{C8526C68-0473-4DF0-9099-59409CCAFBF4}.Debug|iPhoneSimulator.ActiveCfg = Debug|iPhoneSimulator
		{C8526C68-0473-4DF0-9099-59409CCAFBF4}.Debug|iPhoneSimulator.Build.0 = Debug|iPhoneSimulator
		{C8526C68-0473-4DF0-9099-59409CCAFBF4}.Release|Any CPU.ActiveCfg = Release|iPhone
		{C8526C68-0473-4DF0-9099-59409CCAFBF4}.Release|Any CPU.Build.0 = Release|iPhone
		{C8526C68-0473-4DF0-9099-59409CCAFBF4}.Release|iPhone.ActiveCfg = Release|iPhone
		{C8526C68-0473-4DF0-9099-59409CCAFBF4}.Release|iPhone.Build.0 = Release|iPhone
		{C8526C68-0473-4DF0-9099-59409CCAFBF4}.Release|iPhoneSimulator.ActiveCfg = Release|iPhoneSimulator
		{C8526C68-0473-4DF0-9099-59409CCAFBF4}.Release|iPhoneSimulator.Build.0 = Release|iPhoneSimulator
		{88E6B161-B03A-4403-B729-E7B5A7A0E499}.Debug|Any CPU.ActiveCfg = Debug|Any CPU
		{88E6B161-B03A-4403-B729-E7B5A7A0E499}.Debug|Any CPU.Build.0 = Debug|Any CPU
		{88E6B161-B03A-4403-B729-E7B5A7A0E499}.Debug|iPhone.ActiveCfg = Debug|Any CPU
		{88E6B161-B03A-4403-B729-E7B5A7A0E499}.Debug|iPhone.Build.0 = Debug|Any CPU
		{88E6B161-B03A-4403-B729-E7B5A7A0E499}.Debug|iPhoneSimulator.ActiveCfg = Debug|Any CPU
		{88E6B161-B03A-4403-B729-E7B5A7A0E499}.Debug|iPhoneSimulator.Build.0 = Debug|Any CPU
		{88E6B161-B03A-4403-B729-E7B5A7A0E499}.Release|Any CPU.ActiveCfg = Release|Any CPU
		{88E6B161-B03A-4403-B729-E7B5A7A0E499}.Release|Any CPU.Build.0 = Release|Any CPU
		{88E6B161-B03A-4403-B729-E7B5A7A0E499}.Release|iPhone.ActiveCfg = Release|Any CPU
		{88E6B161-B03A-4403-B729-E7B5A7A0E499}.Release|iPhone.Build.0 = Release|Any CPU
		{88E6B161-B03A-4403-B729-E7B5A7A0E499}.Release|iPhoneSimulator.ActiveCfg = Release|Any CPU
		{88E6B161-B03A-4403-B729-E7B5A7A0E499}.Release|iPhoneSimulator.Build.0 = Release|Any CPU
		{FD6B628B-424C-4C7E-8DC9-79A4B72D4BCE}.Debug|Any CPU.ActiveCfg = Debug|Any CPU
		{FD6B628B-424C-4C7E-8DC9-79A4B72D4BCE}.Debug|Any CPU.Build.0 = Debug|Any CPU
		{FD6B628B-424C-4C7E-8DC9-79A4B72D4BCE}.Debug|iPhone.ActiveCfg = Debug|Any CPU
		{FD6B628B-424C-4C7E-8DC9-79A4B72D4BCE}.Debug|iPhone.Build.0 = Debug|Any CPU
		{FD6B628B-424C-4C7E-8DC9-79A4B72D4BCE}.Debug|iPhoneSimulator.ActiveCfg = Debug|Any CPU
		{FD6B628B-424C-4C7E-8DC9-79A4B72D4BCE}.Debug|iPhoneSimulator.Build.0 = Debug|Any CPU
		{FD6B628B-424C-4C7E-8DC9-79A4B72D4BCE}.Release|Any CPU.ActiveCfg = Release|Any CPU
		{FD6B628B-424C-4C7E-8DC9-79A4B72D4BCE}.Release|Any CPU.Build.0 = Release|Any CPU
		{FD6B628B-424C-4C7E-8DC9-79A4B72D4BCE}.Release|iPhone.ActiveCfg = Release|Any CPU
		{FD6B628B-424C-4C7E-8DC9-79A4B72D4BCE}.Release|iPhone.Build.0 = Release|Any CPU
		{FD6B628B-424C-4C7E-8DC9-79A4B72D4BCE}.Release|iPhoneSimulator.ActiveCfg = Release|Any CPU
		{FD6B628B-424C-4C7E-8DC9-79A4B72D4BCE}.Release|iPhoneSimulator.Build.0 = Release|Any CPU
		{44BA3336-1888-4D43-BFF4-7AD336CC1760}.Debug|Any CPU.ActiveCfg = Debug|Any CPU
		{44BA3336-1888-4D43-BFF4-7AD336CC1760}.Debug|Any CPU.Build.0 = Debug|Any CPU
		{44BA3336-1888-4D43-BFF4-7AD336CC1760}.Debug|iPhone.ActiveCfg = Debug|Any CPU
		{44BA3336-1888-4D43-BFF4-7AD336CC1760}.Debug|iPhone.Build.0 = Debug|Any CPU
		{44BA3336-1888-4D43-BFF4-7AD336CC1760}.Debug|iPhoneSimulator.ActiveCfg = Debug|Any CPU
		{44BA3336-1888-4D43-BFF4-7AD336CC1760}.Debug|iPhoneSimulator.Build.0 = Debug|Any CPU
		{44BA3336-1888-4D43-BFF4-7AD336CC1760}.Release|Any CPU.ActiveCfg = Release|Any CPU
		{44BA3336-1888-4D43-BFF4-7AD336CC1760}.Release|Any CPU.Build.0 = Release|Any CPU
		{44BA3336-1888-4D43-BFF4-7AD336CC1760}.Release|iPhone.ActiveCfg = Release|Any CPU
		{44BA3336-1888-4D43-BFF4-7AD336CC1760}.Release|iPhone.Build.0 = Release|Any CPU
		{44BA3336-1888-4D43-BFF4-7AD336CC1760}.Release|iPhoneSimulator.ActiveCfg = Release|Any CPU
		{44BA3336-1888-4D43-BFF4-7AD336CC1760}.Release|iPhoneSimulator.Build.0 = Release|Any CPU
	EndGlobalSection
	GlobalSection(SolutionProperties) = preSolution
		HideSolutionNode = FALSE
	EndGlobalSection
	GlobalSection(NestedProjects) = preSolution
		{428B6BC8-7FBF-42FD-BE4F-0838FF9B821F} = {A852FE01-61FD-447C-A22A-152D643B1787}
		{EFE94C7E-2507-449D-BF80-C94B0947FA45} = {A852FE01-61FD-447C-A22A-152D643B1787}
		{C8526C68-0473-4DF0-9099-59409CCAFBF4} = {A852FE01-61FD-447C-A22A-152D643B1787}
		{FD6B628B-424C-4C7E-8DC9-79A4B72D4BCE} = {72FF8B5F-41E7-4337-B4A8-49B13870D18F}
		{44BA3336-1888-4D43-BFF4-7AD336CC1760} = {A852FE01-61FD-447C-A22A-152D643B1787}
	EndGlobalSection
	GlobalSection(ExtensibilityGlobals) = postSolution
		SolutionGuid = {AF4A71D2-5E68-481A-9FDC-CA6C1C5D1898}
	EndGlobalSection
EndGlobal
